PODS:
  - FBSnapshotTestCase (2.1.4):
    - FBSnapshotTestCase/SwiftSupport (= 2.1.4)
  - FBSnapshotTestCase/Core (2.1.4)
  - FBSnapshotTestCase/SwiftSupport (2.1.4):
    - FBSnapshotTestCase/Core
  - IosAwnCore (0.7.1)
  - IosAwnFcmDist (0.7.0-alpha.2):
    - IosAwnCore (= 0.7.1)

DEPENDENCIES:
  - FBSnapshotTestCase (~> 2.1.4)
  - IosAwnFcmDist (from `../`)

SPEC REPOS:
  trunk:
    - FBSnapshotTestCase
    - IosAwnCore

EXTERNAL SOURCES:
  IosAwnFcmDist:
    :path: "../"

SPEC CHECKSUMS:
  FBSnapshotTestCase: 094f9f314decbabe373b87cc339bea235a63e07a
  IosAwnCore: fd348a51573643e26a194fe20fc78e4190dcadf6
  IosAwnFcmDist: fbac9c737f3ce63f6129da4663a17bebcf8ef3e2

PODFILE CHECKSUM: b30e2c2b0c388b07fee231df7a8104c2c1dea15a

COCOAPODS: 1.11.3
